// !$*UTF8*$!
{
	archiveVersion = 1;
	classes = {
	};
	objectVersion = 56;
	objects = {

/* Begin PBXBuildFile section */
		C567D4252AF4DF33004BB561 /* RealityKitContent in Frameworks */ = {isa = PBXBuildFile; productRef = C567D4242AF4DF33004BB561 /* RealityKitContent */; };
		C567D4272AF4DF33004BB561 /* MyWorldApp.swift in Sources */ = {isa = PBXBuildFile; fileRef = C567D4262AF4DF33004BB561 /* MyWorldApp.swift */; };
		C567D4292AF4DF33004BB561 /* ContentView.swift in Sources */ = {isa = PBXBuildFile; fileRef = C567D4282AF4DF33004BB561 /* ContentView.swift */; };
		C567D42B2AF4DF35004BB561 /* Assets.xcassets in Resources */ = {isa = PBXBuildFile; fileRef = C567D42A2AF4DF35004BB561 /* Assets.xcassets */; };
		C567D42E2AF4DF35004BB561 /* Preview Assets.xcassets in Resources */ = {isa = PBXBuildFile; fileRef = C567D42D2AF4DF35004BB561 /* Preview Assets.xcassets */; };
		C567D4382AF4DF7B004BB561 /* ViewModel.swift in Sources */ = {isa = PBXBuildFile; fileRef = C567D4362AF4DF7B004BB561 /* ViewModel.swift */; };
		C567D4392AF4DF7B004BB561 /* Module.swift in Sources */ = {isa = PBXBuildFile; fileRef = C567D4372AF4DF7B004BB561 /* Module.swift */; };
		C567D43C2AF4E0C2004BB561 /* Modules.swift in Sources */ = {isa = PBXBuildFile; fileRef = C567D43B2AF4E0C2004BB561 /* Modules.swift */; };
		C567D43E2AF4E301004BB561 /* TableOfContents.swift in Sources */ = {isa = PBXBuildFile; fileRef = C567D43D2AF4E301004BB561 /* TableOfContents.swift */; };
		C567D4412AF4E8A0004BB561 /* VerticalAlignmentExtension.swift in Sources */ = {isa = PBXBuildFile; fileRef = C567D4402AF4E8A0004BB561 /* VerticalAlignmentExtension.swift */; };
		C567D4432AF4EE90004BB561 /* ModuleCard.swift in Sources */ = {isa = PBXBuildFile; fileRef = C567D4422AF4EE90004BB561 /* ModuleCard.swift */; };
		C567D4462AF4F805004BB561 /* TypeTextModifier.swift in Sources */ = {isa = PBXBuildFile; fileRef = C567D4452AF4F805004BB561 /* TypeTextModifier.swift */; };
		C567D4482AF880C5004BB561 /* ModuleDetail.swift in Sources */ = {isa = PBXBuildFile; fileRef = C567D4472AF880C5004BB561 /* ModuleDetail.swift */; };
		C567D44B2AF890D3004BB561 /* GlobeToggle.swift in Sources */ = {isa = PBXBuildFile; fileRef = C567D44A2AF890D3004BB561 /* GlobeToggle.swift */; };
		C5DF607F2AF8DA97006E5912 /* Globe.swift in Sources */ = {isa = PBXBuildFile; fileRef = C5DF607E2AF8DA97006E5912 /* Globe.swift */; };
		C5DF60812AF8DD56006E5912 /* Entity+Sunlight.swift in Sources */ = {isa = PBXBuildFile; fileRef = C5DF60802AF8DD56006E5912 /* Entity+Sunlight.swift */; };
		C5DF60832AF8DD9C006E5912 /* Sunlight.skybox in Resources */ = {isa = PBXBuildFile; fileRef = C5DF60822AF8DD9C006E5912 /* Sunlight.skybox */; };
		C5DF60862AF8E174006E5912 /* EarthSetSunlight.swift in Sources */ = {isa = PBXBuildFile; fileRef = C5DF60852AF8E174006E5912 /* EarthSetSunlight.swift */; };
		C5DF608A2AF8E4A7006E5912 /* DragRotationModifier.swift in Sources */ = {isa = PBXBuildFile; fileRef = C5DF60892AF8E4A7006E5912 /* DragRotationModifier.swift */; };
		C5DF608C2AF8E4BF006E5912 /* DragEarth.swift in Sources */ = {isa = PBXBuildFile; fileRef = C5DF608B2AF8E4BF006E5912 /* DragEarth.swift */; };
		C5DF608F2AF8EBFE006E5912 /* RotationSystem.swift in Sources */ = {isa = PBXBuildFile; fileRef = C5DF608E2AF8EBFE006E5912 /* RotationSystem.swift */; };
		C5DF60912AF8EC32006E5912 /* EarthRotation.swift in Sources */ = {isa = PBXBuildFile; fileRef = C5DF60902AF8EC32006E5912 /* EarthRotation.swift */; };
		C5DF60942AF9D034006E5912 /* PlacementGesturesModifier.swift in Sources */ = {isa = PBXBuildFile; fileRef = C5DF60932AF9D034006E5912 /* PlacementGesturesModifier.swift */; };
		C5DF60962AF9D064006E5912 /* EarthPlacement.swift in Sources */ = {isa = PBXBuildFile; fileRef = C5DF60952AF9D064006E5912 /* EarthPlacement.swift */; };
		C5DF60992AF9D3F9006E5912 /* MoonAroundEarth.swift in Sources */ = {isa = PBXBuildFile; fileRef = C5DF60982AF9D3F9006E5912 /* MoonAroundEarth.swift */; };
		C5DF609C2AF9DAFF006E5912 /* SatelliteAroundEarth.swift in Sources */ = {isa = PBXBuildFile; fileRef = C5DF609B2AF9DAFF006E5912 /* SatelliteAroundEarth.swift */; };
		C5DF609E2AF9DB6A006E5912 /* SatelliteEntity.swift in Sources */ = {isa = PBXBuildFile; fileRef = C5DF609D2AF9DB6A006E5912 /* SatelliteEntity.swift */; };
		C5DF60A02AF9DEEB006E5912 /* TraceSystem.swift in Sources */ = {isa = PBXBuildFile; fileRef = C5DF609F2AF9DEEB006E5912 /* TraceSystem.swift */; };
		C5DF60A22AF9DEF6006E5912 /* Entity+Trace.swift in Sources */ = {isa = PBXBuildFile; fileRef = C5DF60A12AF9DEF6006E5912 /* Entity+Trace.swift */; };
		C5DF60A42AF9E056006E5912 /* EarthEntity.swift in Sources */ = {isa = PBXBuildFile; fileRef = C5DF60A32AF9E056006E5912 /* EarthEntity.swift */; };
		C5DF60A62AFA10A3006E5912 /* SatelliteEntity+Configuration.swift in Sources */ = {isa = PBXBuildFile; fileRef = C5DF60A52AFA10A3006E5912 /* SatelliteEntity+Configuration.swift */; };
		C5DF60A82AFA13EB006E5912 /* MoonEarthEntity.swift in Sources */ = {isa = PBXBuildFile; fileRef = C5DF60A72AFA13EB006E5912 /* MoonEarthEntity.swift */; };
		C5DF60AB2AFA19AA006E5912 /* TypingText.swift in Sources */ = {isa = PBXBuildFile; fileRef = C5DF60AA2AFA19AA006E5912 /* TypingText.swift */; };
		C5DF60AE2AFA1D80006E5912 /* Display3DAndText.swift in Sources */ = {isa = PBXBuildFile; fileRef = C5DF60AD2AFA1D80006E5912 /* Display3DAndText.swift */; };
		C5DF60B02AFA1DCE006E5912 /* OrbitView.swift in Sources */ = {isa = PBXBuildFile; fileRef = C5DF60AF2AFA1DCE006E5912 /* OrbitView.swift */; };
		C5DF60B32AFA2502006E5912 /* SolarView.swift in Sources */ = {isa = PBXBuildFile; fileRef = C5DF60B22AFA2502006E5912 /* SolarView.swift */; };
		C5DF60B52AFA2534006E5912 /* Sun.swift in Sources */ = {isa = PBXBuildFile; fileRef = C5DF60B42AFA2534006E5912 /* Sun.swift */; };
		C5DF60B72AFA269A006E5912 /* Starfield.swift in Sources */ = {isa = PBXBuildFile; fileRef = C5DF60B62AFA269A006E5912 /* Starfield.swift */; };
		C5DF60B92AFA274D006E5912 /* SolarSystemToggle.swift in Sources */ = {isa = PBXBuildFile; fileRef = C5DF60B82AFA274D006E5912 /* SolarSystemToggle.swift */; };
		C5DF60BD2AFA32F8006E5912 /* SolarEarth.swift in Sources */ = {isa = PBXBuildFile; fileRef = C5DF60BC2AFA32F8006E5912 /* SolarEarth.swift */; };
		C5DF60BF2AFA337C006E5912 /* SolarEarthEntity.swift in Sources */ = {isa = PBXBuildFile; fileRef = C5DF60BE2AFA337C006E5912 /* SolarEarthEntity.swift */; };
		C5DF60C12AFA35FF006E5912 /* SolarDisplayView.swift in Sources */ = {isa = PBXBuildFile; fileRef = C5DF60C02AFA35FF006E5912 /* SolarDisplayView.swift */; };
/* End PBXBuildFile section */

/* Begin PBXFileReference section */
		C567D41F2AF4DF33004BB561 /* MyWorld.app */ = {isa = PBXFileReference; explicitFileType = wrapper.application; includeInIndex = 0; path = MyWorld.app; sourceTree = BUILT_PRODUCTS_DIR; };
		C567D4232AF4DF33004BB561 /* RealityKitContent */ = {isa = PBXFileReference; lastKnownFileType = wrapper; path = RealityKitContent; sourceTree = "<group>"; };
		C567D4262AF4DF33004BB561 /* MyWorldApp.swift */ = {isa = PBXFileReference; lastKnownFileType = sourcecode.swift; path = MyWorldApp.swift; sourceTree = "<group>"; };
		C567D4282AF4DF33004BB561 /* ContentView.swift */ = {isa = PBXFileReference; lastKnownFileType = sourcecode.swift; path = ContentView.swift; sourceTree = "<group>"; };
		C567D42A2AF4DF35004BB561 /* Assets.xcassets */ = {isa = PBXFileReference; lastKnownFileType = folder.assetcatalog; path = Assets.xcassets; sourceTree = "<group>"; };
		C567D42D2AF4DF35004BB561 /* Preview Assets.xcassets */ = {isa = PBXFileReference; lastKnownFileType = folder.assetcatalog; path = "Preview Assets.xcassets"; sourceTree = "<group>"; };
		C567D42F2AF4DF35004BB561 /* Info.plist */ = {isa = PBXFileReference; lastKnownFileType = text.plist.xml; path = Info.plist; sourceTree = "<group>"; };
		C567D4362AF4DF7B004BB561 /* ViewModel.swift */ = {isa = PBXFileReference; fileEncoding = 4; lastKnownFileType = sourcecode.swift; path = ViewModel.swift; sourceTree = "<group>"; };
		C567D4372AF4DF7B004BB561 /* Module.swift */ = {isa = PBXFileReference; fileEncoding = 4; lastKnownFileType = sourcecode.swift; path = Module.swift; sourceTree = "<group>"; };
		C567D43B2AF4E0C2004BB561 /* Modules.swift */ = {isa = PBXFileReference; lastKnownFileType = sourcecode.swift; path = Modules.swift; sourceTree = "<group>"; };
		C567D43D2AF4E301004BB561 /* TableOfContents.swift */ = {isa = PBXFileReference; lastKnownFileType = sourcecode.swift; path = TableOfContents.swift; sourceTree = "<group>"; };
		C567D4402AF4E8A0004BB561 /* VerticalAlignmentExtension.swift */ = {isa = PBXFileReference; lastKnownFileType = sourcecode.swift; path = VerticalAlignmentExtension.swift; sourceTree = "<group>"; };
		C567D4422AF4EE90004BB561 /* ModuleCard.swift */ = {isa = PBXFileReference; lastKnownFileType = sourcecode.swift; path = ModuleCard.swift; sourceTree = "<group>"; };
		C567D4452AF4F805004BB561 /* TypeTextModifier.swift */ = {isa = PBXFileReference; lastKnownFileType = sourcecode.swift; path = TypeTextModifier.swift; sourceTree = "<group>"; };
		C567D4472AF880C5004BB561 /* ModuleDetail.swift */ = {isa = PBXFileReference; lastKnownFileType = sourcecode.swift; path = ModuleDetail.swift; sourceTree = "<group>"; };
		C567D44A2AF890D3004BB561 /* GlobeToggle.swift */ = {isa = PBXFileReference; lastKnownFileType = sourcecode.swift; path = GlobeToggle.swift; sourceTree = "<group>"; };
		C5DF607E2AF8DA97006E5912 /* Globe.swift */ = {isa = PBXFileReference; lastKnownFileType = sourcecode.swift; path = Globe.swift; sourceTree = "<group>"; };
		C5DF60802AF8DD56006E5912 /* Entity+Sunlight.swift */ = {isa = PBXFileReference; fileEncoding = 4; lastKnownFileType = sourcecode.swift; path = "Entity+Sunlight.swift"; sourceTree = "<group>"; };
		C5DF60822AF8DD9C006E5912 /* Sunlight.skybox */ = {isa = PBXFileReference; lastKnownFileType = file.skybox; path = Sunlight.skybox; sourceTree = "<group>"; };
		C5DF60852AF8E174006E5912 /* EarthSetSunlight.swift */ = {isa = PBXFileReference; lastKnownFileType = sourcecode.swift; path = EarthSetSunlight.swift; sourceTree = "<group>"; };
		C5DF60892AF8E4A7006E5912 /* DragRotationModifier.swift */ = {isa = PBXFileReference; fileEncoding = 4; lastKnownFileType = sourcecode.swift; path = DragRotationModifier.swift; sourceTree = "<group>"; };
		C5DF608B2AF8E4BF006E5912 /* DragEarth.swift */ = {isa = PBXFileReference; lastKnownFileType = sourcecode.swift; path = DragEarth.swift; sourceTree = "<group>"; };
		C5DF608E2AF8EBFE006E5912 /* RotationSystem.swift */ = {isa = PBXFileReference; fileEncoding = 4; lastKnownFileType = sourcecode.swift; path = RotationSystem.swift; sourceTree = "<group>"; };
		C5DF60902AF8EC32006E5912 /* EarthRotation.swift */ = {isa = PBXFileReference; lastKnownFileType = sourcecode.swift; path = EarthRotation.swift; sourceTree = "<group>"; };
		C5DF60932AF9D034006E5912 /* PlacementGesturesModifier.swift */ = {isa = PBXFileReference; fileEncoding = 4; lastKnownFileType = sourcecode.swift; path = PlacementGesturesModifier.swift; sourceTree = "<group>"; };
		C5DF60952AF9D064006E5912 /* EarthPlacement.swift */ = {isa = PBXFileReference; lastKnownFileType = sourcecode.swift; path = EarthPlacement.swift; sourceTree = "<group>"; };
		C5DF60982AF9D3F9006E5912 /* MoonAroundEarth.swift */ = {isa = PBXFileReference; lastKnownFileType = sourcecode.swift; path = MoonAroundEarth.swift; sourceTree = "<group>"; };
		C5DF609B2AF9DAFF006E5912 /* SatelliteAroundEarth.swift */ = {isa = PBXFileReference; lastKnownFileType = sourcecode.swift; path = SatelliteAroundEarth.swift; sourceTree = "<group>"; };
		C5DF609D2AF9DB6A006E5912 /* SatelliteEntity.swift */ = {isa = PBXFileReference; lastKnownFileType = sourcecode.swift; path = SatelliteEntity.swift; sourceTree = "<group>"; };
		C5DF609F2AF9DEEB006E5912 /* TraceSystem.swift */ = {isa = PBXFileReference; fileEncoding = 4; lastKnownFileType = sourcecode.swift; path = TraceSystem.swift; sourceTree = "<group>"; };
		C5DF60A12AF9DEF6006E5912 /* Entity+Trace.swift */ = {isa = PBXFileReference; fileEncoding = 4; lastKnownFileType = sourcecode.swift; path = "Entity+Trace.swift"; sourceTree = "<group>"; };
		C5DF60A32AF9E056006E5912 /* EarthEntity.swift */ = {isa = PBXFileReference; lastKnownFileType = sourcecode.swift; path = EarthEntity.swift; sourceTree = "<group>"; };
		C5DF60A52AFA10A3006E5912 /* SatelliteEntity+Configuration.swift */ = {isa = PBXFileReference; fileEncoding = 4; lastKnownFileType = sourcecode.swift; path = "SatelliteEntity+Configuration.swift"; sourceTree = "<group>"; };
		C5DF60A72AFA13EB006E5912 /* MoonEarthEntity.swift */ = {isa = PBXFileReference; lastKnownFileType = sourcecode.swift; path = MoonEarthEntity.swift; sourceTree = "<group>"; };
		C5DF60AA2AFA19AA006E5912 /* TypingText.swift */ = {isa = PBXFileReference; lastKnownFileType = sourcecode.swift; path = TypingText.swift; sourceTree = "<group>"; };
		C5DF60AD2AFA1D80006E5912 /* Display3DAndText.swift */ = {isa = PBXFileReference; lastKnownFileType = sourcecode.swift; path = Display3DAndText.swift; sourceTree = "<group>"; };
		C5DF60AF2AFA1DCE006E5912 /* OrbitView.swift */ = {isa = PBXFileReference; lastKnownFileType = sourcecode.swift; path = OrbitView.swift; sourceTree = "<group>"; };
		C5DF60B22AFA2502006E5912 /* SolarView.swift */ = {isa = PBXFileReference; lastKnownFileType = sourcecode.swift; path = SolarView.swift; sourceTree = "<group>"; };
		C5DF60B42AFA2534006E5912 /* Sun.swift */ = {isa = PBXFileReference; lastKnownFileType = sourcecode.swift; path = Sun.swift; sourceTree = "<group>"; };
		C5DF60B62AFA269A006E5912 /* Starfield.swift */ = {isa = PBXFileReference; fileEncoding = 4; lastKnownFileType = sourcecode.swift; path = Starfield.swift; sourceTree = "<group>"; };
		C5DF60B82AFA274D006E5912 /* SolarSystemToggle.swift */ = {isa = PBXFileReference; fileEncoding = 4; lastKnownFileType = sourcecode.swift; path = SolarSystemToggle.swift; sourceTree = "<group>"; };
		C5DF60BC2AFA32F8006E5912 /* SolarEarth.swift */ = {isa = PBXFileReference; lastKnownFileType = sourcecode.swift; path = SolarEarth.swift; sourceTree = "<group>"; };
		C5DF60BE2AFA337C006E5912 /* SolarEarthEntity.swift */ = {isa = PBXFileReference; lastKnownFileType = sourcecode.swift; path = SolarEarthEntity.swift; sourceTree = "<group>"; };
		C5DF60C02AFA35FF006E5912 /* SolarDisplayView.swift */ = {isa = PBXFileReference; lastKnownFileType = sourcecode.swift; path = SolarDisplayView.swift; sourceTree = "<group>"; };
/* End PBXFileReference section */

/* Begin PBXFrameworksBuildPhase section */
		C567D41C2AF4DF33004BB561 /* Frameworks */ = {
			isa = PBXFrameworksBuildPhase;
			buildActionMask = 2147483647;
			files = (
				C567D4252AF4DF33004BB561 /* RealityKitContent in Frameworks */,
			);
			runOnlyForDeploymentPostprocessing = 0;
		};
/* End PBXFrameworksBuildPhase section */

/* Begin PBXGroup section */
		C567D4162AF4DF33004BB561 = {
			isa = PBXGroup;
			children = (
				C567D4212AF4DF33004BB561 /* MyWorld */,
				C567D4222AF4DF33004BB561 /* Packages */,
				C567D4202AF4DF33004BB561 /* Products */,
			);
			sourceTree = "<group>";
		};
		C567D4202AF4DF33004BB561 /* Products */ = {
			isa = PBXGroup;
			children = (
				C567D41F2AF4DF33004BB561 /* MyWorld.app */,
			);
			name = Products;
			sourceTree = "<group>";
		};
		C567D4212AF4DF33004BB561 /* MyWorld */ = {
			isa = PBXGroup;
			children = (
				C5DF60842AF8E110006E5912 /* LearningPoints */,
				C567D4492AF88EE7004BB561 /* Globe */,
				C567D43F2AF4E87A004BB561 /* Extensions */,
				C567D43A2AF4E0AC004BB561 /* Modules */,
				C567D4352AF4DF7B004BB561 /* Model */,
				C567D4262AF4DF33004BB561 /* MyWorldApp.swift */,
				C567D4282AF4DF33004BB561 /* ContentView.swift */,
				C567D42A2AF4DF35004BB561 /* Assets.xcassets */,
				C5DF60822AF8DD9C006E5912 /* Sunlight.skybox */,
				C567D42F2AF4DF35004BB561 /* Info.plist */,
				C567D42C2AF4DF35004BB561 /* Preview Content */,
			);
			path = MyWorld;
			sourceTree = "<group>";
		};
		C567D4222AF4DF33004BB561 /* Packages */ = {
			isa = PBXGroup;
			children = (
				C567D4232AF4DF33004BB561 /* RealityKitContent */,
			);
			path = Packages;
			sourceTree = "<group>";
		};
		C567D42C2AF4DF35004BB561 /* Preview Content */ = {
			isa = PBXGroup;
			children = (
				C567D42D2AF4DF35004BB561 /* Preview Assets.xcassets */,
			);
			path = "Preview Content";
			sourceTree = "<group>";
		};
		C567D4352AF4DF7B004BB561 /* Model */ = {
			isa = PBXGroup;
			children = (
				C567D4372AF4DF7B004BB561 /* Module.swift */,
			);
			path = Model;
			sourceTree = "<group>";
		};
		C567D43A2AF4E0AC004BB561 /* Modules */ = {
			isa = PBXGroup;
			children = (
				C567D43B2AF4E0C2004BB561 /* Modules.swift */,
				C567D43D2AF4E301004BB561 /* TableOfContents.swift */,
				C567D4422AF4EE90004BB561 /* ModuleCard.swift */,
				C567D4472AF880C5004BB561 /* ModuleDetail.swift */,
			);
			path = Modules;
			sourceTree = "<group>";
		};
		C567D43F2AF4E87A004BB561 /* Extensions */ = {
			isa = PBXGroup;
			children = (
				C567D4402AF4E8A0004BB561 /* VerticalAlignmentExtension.swift */,
			);
			path = Extensions;
			sourceTree = "<group>";
		};
		C567D4492AF88EE7004BB561 /* Globe */ = {
			isa = PBXGroup;
			children = (
				C567D44A2AF890D3004BB561 /* GlobeToggle.swift */,
				C5DF607E2AF8DA97006E5912 /* Globe.swift */,
			);
			path = Globe;
			sourceTree = "<group>";
		};
		C5DF60842AF8E110006E5912 /* LearningPoints */ = {
			isa = PBXGroup;
			children = (
				C5DF60B12AFA24C8006E5912 /* SolarView */,
				C5DF60AC2AFA1D40006E5912 /* Display3DAndText */,
				C5DF60A92AFA1915006E5912 /* TypeTextAnimation */,
				C5DF609A2AF9DAE5006E5912 /* SatelliteAroundEarth */,
				C5DF60972AF9D3DA006E5912 /* MoonAroundEarth */,
				C5DF60922AF9D024006E5912 /* EarthPlacement */,
				C5DF608D2AF8EBCA006E5912 /* EarthRotation */,
				C5DF60882AF8E494006E5912 /* DragEarth */,
				C5DF60872AF8E484006E5912 /* SetSunLight */,
			);
			path = LearningPoints;
			sourceTree = "<group>";
		};
		C5DF60872AF8E484006E5912 /* SetSunLight */ = {
			isa = PBXGroup;
			children = (
				C5DF60852AF8E174006E5912 /* EarthSetSunlight.swift */,
				C5DF60802AF8DD56006E5912 /* Entity+Sunlight.swift */,
			);
			path = SetSunLight;
			sourceTree = "<group>";
		};
		C5DF60882AF8E494006E5912 /* DragEarth */ = {
			isa = PBXGroup;
			children = (
				C5DF60892AF8E4A7006E5912 /* DragRotationModifier.swift */,
				C5DF608B2AF8E4BF006E5912 /* DragEarth.swift */,
			);
			path = DragEarth;
			sourceTree = "<group>";
		};
		C5DF608D2AF8EBCA006E5912 /* EarthRotation */ = {
			isa = PBXGroup;
			children = (
				C5DF608E2AF8EBFE006E5912 /* RotationSystem.swift */,
				C5DF60902AF8EC32006E5912 /* EarthRotation.swift */,
			);
			path = EarthRotation;
			sourceTree = "<group>";
		};
		C5DF60922AF9D024006E5912 /* EarthPlacement */ = {
			isa = PBXGroup;
			children = (
				C5DF60932AF9D034006E5912 /* PlacementGesturesModifier.swift */,
				C5DF60952AF9D064006E5912 /* EarthPlacement.swift */,
			);
			path = EarthPlacement;
			sourceTree = "<group>";
		};
		C5DF60972AF9D3DA006E5912 /* MoonAroundEarth */ = {
			isa = PBXGroup;
			children = (
				C5DF60982AF9D3F9006E5912 /* MoonAroundEarth.swift */,
				C5DF60A72AFA13EB006E5912 /* MoonEarthEntity.swift */,
			);
			path = MoonAroundEarth;
			sourceTree = "<group>";
		};
		C5DF609A2AF9DAE5006E5912 /* SatelliteAroundEarth */ = {
			isa = PBXGroup;
			children = (
				C5DF609F2AF9DEEB006E5912 /* TraceSystem.swift */,
				C5DF609B2AF9DAFF006E5912 /* SatelliteAroundEarth.swift */,
				C5DF609D2AF9DB6A006E5912 /* SatelliteEntity.swift */,
				C5DF60A52AFA10A3006E5912 /* SatelliteEntity+Configuration.swift */,
				C5DF60A12AF9DEF6006E5912 /* Entity+Trace.swift */,
				C5DF60A32AF9E056006E5912 /* EarthEntity.swift */,
			);
			path = SatelliteAroundEarth;
			sourceTree = "<group>";
		};
		C5DF60A92AFA1915006E5912 /* TypeTextAnimation */ = {
			isa = PBXGroup;
			children = (
				C567D4362AF4DF7B004BB561 /* ViewModel.swift */,
				C567D4452AF4F805004BB561 /* TypeTextModifier.swift */,
				C5DF60AA2AFA19AA006E5912 /* TypingText.swift */,
			);
			path = TypeTextAnimation;
			sourceTree = "<group>";
		};
		C5DF60AC2AFA1D40006E5912 /* Display3DAndText */ = {
			isa = PBXGroup;
			children = (
				C5DF60AD2AFA1D80006E5912 /* Display3DAndText.swift */,
				C5DF60AF2AFA1DCE006E5912 /* OrbitView.swift */,
			);
			path = Display3DAndText;
			sourceTree = "<group>";
		};
		C5DF60B12AFA24C8006E5912 /* SolarView */ = {
			isa = PBXGroup;
			children = (
				C5DF60B22AFA2502006E5912 /* SolarView.swift */,
				C5DF60B42AFA2534006E5912 /* Sun.swift */,
				C5DF60B62AFA269A006E5912 /* Starfield.swift */,
				C5DF60B82AFA274D006E5912 /* SolarSystemToggle.swift */,
				C5DF60BC2AFA32F8006E5912 /* SolarEarth.swift */,
				C5DF60BE2AFA337C006E5912 /* SolarEarthEntity.swift */,
				C5DF60C02AFA35FF006E5912 /* SolarDisplayView.swift */,
			);
			path = SolarView;
			sourceTree = "<group>";
		};
/* End PBXGroup section */

/* Begin PBXNativeTarget section */
		C567D41E2AF4DF33004BB561 /* MyWorld */ = {
			isa = PBXNativeTarget;
			buildConfigurationList = C567D4322AF4DF35004BB561 /* Build configuration list for PBXNativeTarget "MyWorld" */;
			buildPhases = (
				C567D41B2AF4DF33004BB561 /* Sources */,
				C567D41C2AF4DF33004BB561 /* Frameworks */,
				C567D41D2AF4DF33004BB561 /* Resources */,
			);
			buildRules = (
			);
			dependencies = (
			);
			name = MyWorld;
			packageProductDependencies = (
				C567D4242AF4DF33004BB561 /* RealityKitContent */,
			);
			productName = MyWorld;
			productReference = C567D41F2AF4DF33004BB561 /* MyWorld.app */;
			productType = "com.apple.product-type.application";
		};
/* End PBXNativeTarget section */

/* Begin PBXProject section */
		C567D4172AF4DF33004BB561 /* Project object */ = {
			isa = PBXProject;
			attributes = {
				BuildIndependentTargetsInParallel = 1;
				LastSwiftUpdateCheck = 1510;
				LastUpgradeCheck = 1510;
				TargetAttributes = {
					C567D41E2AF4DF33004BB561 = {
						CreatedOnToolsVersion = 15.1;
					};
				};
			};
			buildConfigurationList = C567D41A2AF4DF33004BB561 /* Build configuration list for PBXProject "MyWorld" */;
			compatibilityVersion = "Xcode 14.0";
			developmentRegion = en;
			hasScannedForEncodings = 0;
			knownRegions = (
				en,
				Base,
			);
			mainGroup = C567D4162AF4DF33004BB561;
			productRefGroup = C567D4202AF4DF33004BB561 /* Products */;
			projectDirPath = "";
			projectRoot = "";
			targets = (
				C567D41E2AF4DF33004BB561 /* MyWorld */,
			);
		};
/* End PBXProject section */

/* Begin PBXResourcesBuildPhase section */
		C567D41D2AF4DF33004BB561 /* Resources */ = {
			isa = PBXResourcesBuildPhase;
			buildActionMask = 2147483647;
			files = (
				C567D42E2AF4DF35004BB561 /* Preview Assets.xcassets in Resources */,
				C5DF60832AF8DD9C006E5912 /* Sunlight.skybox in Resources */,
				C567D42B2AF4DF35004BB561 /* Assets.xcassets in Resources */,
			);
			runOnlyForDeploymentPostprocessing = 0;
		};
/* End PBXResourcesBuildPhase section */

/* Begin PBXSourcesBuildPhase section */
		C567D41B2AF4DF33004BB561 /* Sources */ = {
			isa = PBXSourcesBuildPhase;
			buildActionMask = 2147483647;
			files = (
				C5DF60B72AFA269A006E5912 /* Starfield.swift in Sources */,
				C5DF60B92AFA274D006E5912 /* SolarSystemToggle.swift in Sources */,
				C5DF60812AF8DD56006E5912 /* Entity+Sunlight.swift in Sources */,
				C567D4292AF4DF33004BB561 /* ContentView.swift in Sources */,
				C5DF60AB2AFA19AA006E5912 /* TypingText.swift in Sources */,
				C567D43C2AF4E0C2004BB561 /* Modules.swift in Sources */,
				C5DF60A42AF9E056006E5912 /* EarthEntity.swift in Sources */,
				C5DF608A2AF8E4A7006E5912 /* DragRotationModifier.swift in Sources */,
				C5DF609E2AF9DB6A006E5912 /* SatelliteEntity.swift in Sources */,
				C5DF60862AF8E174006E5912 /* EarthSetSunlight.swift in Sources */,
				C567D4392AF4DF7B004BB561 /* Module.swift in Sources */,
				C5DF60A22AF9DEF6006E5912 /* Entity+Trace.swift in Sources */,
				C567D44B2AF890D3004BB561 /* GlobeToggle.swift in Sources */,
				C5DF60BF2AFA337C006E5912 /* SolarEarthEntity.swift in Sources */,
				C5DF60A82AFA13EB006E5912 /* MoonEarthEntity.swift in Sources */,
				C5DF60BD2AFA32F8006E5912 /* SolarEarth.swift in Sources */,
				C5DF60A02AF9DEEB006E5912 /* TraceSystem.swift in Sources */,
				C5DF60942AF9D034006E5912 /* PlacementGesturesModifier.swift in Sources */,
				C5DF60B52AFA2534006E5912 /* Sun.swift in Sources */,
				C567D4462AF4F805004BB561 /* TypeTextModifier.swift in Sources */,
				C567D4432AF4EE90004BB561 /* ModuleCard.swift in Sources */,
				C567D4382AF4DF7B004BB561 /* ViewModel.swift in Sources */,
				C5DF60992AF9D3F9006E5912 /* MoonAroundEarth.swift in Sources */,
				C5DF60C12AFA35FF006E5912 /* SolarDisplayView.swift in Sources */,
				C5DF60B32AFA2502006E5912 /* SolarView.swift in Sources */,
				C5DF60962AF9D064006E5912 /* EarthPlacement.swift in Sources */,
				C5DF60912AF8EC32006E5912 /* EarthRotation.swift in Sources */,
				C567D4272AF4DF33004BB561 /* MyWorldApp.swift in Sources */,
				C5DF609C2AF9DAFF006E5912 /* SatelliteAroundEarth.swift in Sources */,
				C5DF60A62AFA10A3006E5912 /* SatelliteEntity+Configuration.swift in Sources */,
				C567D43E2AF4E301004BB561 /* TableOfContents.swift in Sources */,
				C567D4482AF880C5004BB561 /* ModuleDetail.swift in Sources */,
				C5DF608C2AF8E4BF006E5912 /* DragEarth.swift in Sources */,
				C5DF60B02AFA1DCE006E5912 /* OrbitView.swift in Sources */,
				C5DF60AE2AFA1D80006E5912 /* Display3DAndText.swift in Sources */,
				C567D4412AF4E8A0004BB561 /* VerticalAlignmentExtension.swift in Sources */,
				C5DF607F2AF8DA97006E5912 /* Globe.swift in Sources */,
				C5DF608F2AF8EBFE006E5912 /* RotationSystem.swift in Sources */,
			);
			runOnlyForDeploymentPostprocessing = 0;
		};
/* End PBXSourcesBuildPhase section */

/* Begin XCBuildConfiguration section */
		C567D4302AF4DF35004BB561 /* Debug */ = {
			isa = XCBuildConfiguration;
			buildSettings = {
				ALWAYS_SEARCH_USER_PATHS = NO;
				ASSETCATALOG_COMPILER_GENERATE_SWIFT_ASSET_SYMBOL_EXTENSIONS = YES;
				CLANG_ANALYZER_NONNULL = YES;
				CLANG_ANALYZER_NUMBER_OBJECT_CONVERSION = YES_AGGRESSIVE;
				CLANG_CXX_LANGUAGE_STANDARD = "gnu++20";
				CLANG_ENABLE_MODULES = YES;
				CLANG_ENABLE_OBJC_ARC = YES;
				CLANG_ENABLE_OBJC_WEAK = YES;
				CLANG_WARN_BLOCK_CAPTURE_AUTORELEASING = YES;
				CLANG_WARN_BOOL_CONVERSION = YES;
				CLANG_WARN_COMMA = YES;
				CLANG_WARN_CONSTANT_CONVERSION = YES;
				CLANG_WARN_DEPRECATED_OBJC_IMPLEMENTATIONS = YES;
				CLANG_WARN_DIRECT_OBJC_ISA_USAGE = YES_ERROR;
				CLANG_WARN_DOCUMENTATION_COMMENTS = YES;
				CLANG_WARN_EMPTY_BODY = YES;
				CLANG_WARN_ENUM_CONVERSION = YES;
				CLANG_WARN_INFINITE_RECURSION = YES;
				CLANG_WARN_INT_CONVERSION = YES;
				CLANG_WARN_NON_LITERAL_NULL_CONVERSION = YES;
				CLANG_WARN_OBJC_IMPLICIT_RETAIN_SELF = YES;
				CLANG_WARN_OBJC_LITERAL_CONVERSION = YES;
				CLANG_WARN_OBJC_ROOT_CLASS = YES_ERROR;
				CLANG_WARN_QUOTED_INCLUDE_IN_FRAMEWORK_HEADER = YES;
				CLANG_WARN_RANGE_LOOP_ANALYSIS = YES;
				CLANG_WARN_STRICT_PROTOTYPES = YES;
				CLANG_WARN_SUSPICIOUS_MOVE = YES;
				CLANG_WARN_UNGUARDED_AVAILABILITY = YES_AGGRESSIVE;
				CLANG_WARN_UNREACHABLE_CODE = YES;
				CLANG_WARN__DUPLICATE_METHOD_MATCH = YES;
				COPY_PHASE_STRIP = NO;
				DEBUG_INFORMATION_FORMAT = dwarf;
				ENABLE_STRICT_OBJC_MSGSEND = YES;
				ENABLE_TESTABILITY = YES;
				ENABLE_USER_SCRIPT_SANDBOXING = YES;
				GCC_C_LANGUAGE_STANDARD = gnu17;
				GCC_DYNAMIC_NO_PIC = NO;
				GCC_NO_COMMON_BLOCKS = YES;
				GCC_OPTIMIZATION_LEVEL = 0;
				GCC_PREPROCESSOR_DEFINITIONS = (
					"DEBUG=1",
					"$(inherited)",
				);
				GCC_WARN_64_TO_32_BIT_CONVERSION = YES;
				GCC_WARN_ABOUT_RETURN_TYPE = YES_ERROR;
				GCC_WARN_UNDECLARED_SELECTOR = YES;
				GCC_WARN_UNINITIALIZED_AUTOS = YES_AGGRESSIVE;
				GCC_WARN_UNUSED_FUNCTION = YES;
				GCC_WARN_UNUSED_VARIABLE = YES;
				LOCALIZATION_PREFERS_STRING_CATALOGS = YES;
				MTL_ENABLE_DEBUG_INFO = INCLUDE_SOURCE;
				MTL_FAST_MATH = YES;
				ONLY_ACTIVE_ARCH = YES;
				SDKROOT = xros;
				SWIFT_ACTIVE_COMPILATION_CONDITIONS = "DEBUG $(inherited)";
				SWIFT_OPTIMIZATION_LEVEL = "-Onone";
				XROS_DEPLOYMENT_TARGET = 1.0;
			};
			name = Debug;
		};
		C567D4312AF4DF35004BB561 /* Release */ = {
			isa = XCBuildConfiguration;
			buildSettings = {
				ALWAYS_SEARCH_USER_PATHS = NO;
				ASSETCATALOG_COMPILER_GENERATE_SWIFT_ASSET_SYMBOL_EXTENSIONS = YES;
				CLANG_ANALYZER_NONNULL = YES;
				CLANG_ANALYZER_NUMBER_OBJECT_CONVERSION = YES_AGGRESSIVE;
				CLANG_CXX_LANGUAGE_STANDARD = "gnu++20";
				CLANG_ENABLE_MODULES = YES;
				CLANG_ENABLE_OBJC_ARC = YES;
				CLANG_ENABLE_OBJC_WEAK = YES;
				CLANG_WARN_BLOCK_CAPTURE_AUTORELEASING = YES;
				CLANG_WARN_BOOL_CONVERSION = YES;
				CLANG_WARN_COMMA = YES;
				CLANG_WARN_CONSTANT_CONVERSION = YES;
				CLANG_WARN_DEPRECATED_OBJC_IMPLEMENTATIONS = YES;
				CLANG_WARN_DIRECT_OBJC_ISA_USAGE = YES_ERROR;
				CLANG_WARN_DOCUMENTATION_COMMENTS = YES;
				CLANG_WARN_EMPTY_BODY = YES;
				CLANG_WARN_ENUM_CONVERSION = YES;
				CLANG_WARN_INFINITE_RECURSION = YES;
				CLANG_WARN_INT_CONVERSION = YES;
				CLANG_WARN_NON_LITERAL_NULL_CONVERSION = YES;
				CLANG_WARN_OBJC_IMPLICIT_RETAIN_SELF = YES;
				CLANG_WARN_OBJC_LITERAL_CONVERSION = YES;
				CLANG_WARN_OBJC_ROOT_CLASS = YES_ERROR;
				CLANG_WARN_QUOTED_INCLUDE_IN_FRAMEWORK_HEADER = YES;
				CLANG_WARN_RANGE_LOOP_ANALYSIS = YES;
				CLANG_WARN_STRICT_PROTOTYPES = YES;
				CLANG_WARN_SUSPICIOUS_MOVE = YES;
				CLANG_WARN_UNGUARDED_AVAILABILITY = YES_AGGRESSIVE;
				CLANG_WARN_UNREACHABLE_CODE = YES;
				CLANG_WARN__DUPLICATE_METHOD_MATCH = YES;
				COPY_PHASE_STRIP = NO;
				DEBUG_INFORMATION_FORMAT = "dwarf-with-dsym";
				ENABLE_NS_ASSERTIONS = NO;
				ENABLE_STRICT_OBJC_MSGSEND = YES;
				ENABLE_USER_SCRIPT_SANDBOXING = YES;
				GCC_C_LANGUAGE_STANDARD = gnu17;
				GCC_NO_COMMON_BLOCKS = YES;
				GCC_WARN_64_TO_32_BIT_CONVERSION = YES;
				GCC_WARN_ABOUT_RETURN_TYPE = YES_ERROR;
				GCC_WARN_UNDECLARED_SELECTOR = YES;
				GCC_WARN_UNINITIALIZED_AUTOS = YES_AGGRESSIVE;
				GCC_WARN_UNUSED_FUNCTION = YES;
				GCC_WARN_UNUSED_VARIABLE = YES;
				LOCALIZATION_PREFERS_STRING_CATALOGS = YES;
				MTL_ENABLE_DEBUG_INFO = NO;
				MTL_FAST_MATH = YES;
				SDKROOT = xros;
				SWIFT_COMPILATION_MODE = wholemodule;
				VALIDATE_PRODUCT = YES;
				XROS_DEPLOYMENT_TARGET = 1.0;
			};
			name = Release;
		};
		C567D4332AF4DF35004BB561 /* Debug */ = {
			isa = XCBuildConfiguration;
			buildSettings = {
				ASSETCATALOG_COMPILER_APPICON_NAME = AppIcon;
				ASSETCATALOG_COMPILER_GLOBAL_ACCENT_COLOR_NAME = AccentColor;
				CODE_SIGN_STYLE = Automatic;
				CURRENT_PROJECT_VERSION = 1;
				DEVELOPMENT_ASSET_PATHS = "\"MyWorld/Preview Content\"";
				DEVELOPMENT_TEAM = H2Z338TAZL;
				ENABLE_PREVIEWS = YES;
				GENERATE_INFOPLIST_FILE = YES;
				INFOPLIST_FILE = "$(TARGET_NAME)/Info.plist";
				LD_RUNPATH_SEARCH_PATHS = (
					"$(inherited)",
					"@executable_path/Frameworks",
				);
				MARKETING_VERSION = 1.0;
				PRODUCT_BUNDLE_IDENTIFIER = com.sr.squirRobot.MyWorld;
				PRODUCT_NAME = "$(TARGET_NAME)";
				SUPPORTED_PLATFORMS = "xros xrsimulator";
				SWIFT_EMIT_LOC_STRINGS = YES;
				SWIFT_VERSION = 5.0;
				TARGETED_DEVICE_FAMILY = "1,2,7";
			};
			name = Debug;
		};
		C567D4342AF4DF35004BB561 /* Release */ = {
			isa = XCBuildConfiguration;
			buildSettings = {
				ASSETCATALOG_COMPILER_APPICON_NAME = AppIcon;
				ASSETCATALOG_COMPILER_GLOBAL_ACCENT_COLOR_NAME = AccentColor;
				CODE_SIGN_STYLE = Automatic;
				CURRENT_PROJECT_VERSION = 1;
				DEVELOPMENT_ASSET_PATHS = "\"MyWorld/Preview Content\"";
				DEVELOPMENT_TEAM = H2Z338TAZL;
				ENABLE_PREVIEWS = YES;
				GENERATE_INFOPLIST_FILE = YES;
				INFOPLIST_FILE = "$(TARGET_NAME)/Info.plist";
				LD_RUNPATH_SEARCH_PATHS = (
					"$(inherited)",
					"@executable_path/Frameworks",
				);
				MARKETING_VERSION = 1.0;
				PRODUCT_BUNDLE_IDENTIFIER = com.sr.squirRobot.MyWorld;
				PRODUCT_NAME = "$(TARGET_NAME)";
				SUPPORTED_PLATFORMS = "xros xrsimulator";
				SWIFT_EMIT_LOC_STRINGS = YES;
				SWIFT_VERSION = 5.0;
				TARGETED_DEVICE_FAMILY = "1,2,7";
			};
			name = Release;
		};
/* End XCBuildConfiguration section */

/* Begin XCConfigurationList section */
		C567D41A2AF4DF33004BB561 /* Build configuration list for PBXProject "MyWorld" */ = {
			isa = XCConfigurationList;
			buildConfigurations = (
				C567D4302AF4DF35004BB561 /* Debug */,
				C567D4312AF4DF35004BB561 /* Release */,
			);
			defaultConfigurationIsVisible = 0;
			defaultConfigurationName = Release;
		};
		C567D4322AF4DF35004BB561 /* Build configuration list for PBXNativeTarget "MyWorld" */ = {
			isa = XCConfigurationList;
			buildConfigurations = (
				C567D4332AF4DF35004BB561 /* Debug */,
				C567D4342AF4DF35004BB561 /* Release */,
			);
			defaultConfigurationIsVisible = 0;
			defaultConfigurationName = Release;
		};
/* End XCConfigurationList section */

/* Begin XCSwiftPackageProductDependency section */
		C567D4242AF4DF33004BB561 /* RealityKitContent */ = {
			isa = XCSwiftPackageProductDependency;
			productName = RealityKitContent;
		};
/* End XCSwiftPackageProductDependency section */
	};
	rootObject = C567D4172AF4DF33004BB561 /* Project object */;
}
